
Microsoft Visual Studio Solution File, Format Version 12.00
# Visual Studio Version 17
VisualStudioVersion = 17.0.31903.59
MinimumVisualStudioVersion = 10.0.40219.1
Project("{FAE04EC0-301F-11D3-BF4B-00C04F79EFBC}") = "BuilderPattern", "BuilderPattern\BuilderPattern.csproj", "{76754FE3-8C90-4A3A-95C5-F8B2BEC60374}"
EndProject
Project("{FAE04EC0-301F-11D3-BF4B-00C04F79EFBC}") = "SingletonPattern", "SingletonPattern\SingletonPattern.csproj", "{21236233-8461-4912-81DC-1FAA3905B426}"
EndProject
Global
	GlobalSection(SolutionConfigurationPlatforms) = preSolution
		Debug|Any CPU = Debug|Any CPU
		Release|Any CPU = Release|Any CPU
	EndGlobalSection
	GlobalSection(SolutionProperties) = preSolution
		HideSolutionNode = FALSE
	EndGlobalSection
	GlobalSection(ProjectConfigurationPlatforms) = postSolution
		{76754FE3-8C90-4A3A-95C5-F8B2BEC60374}.Debug|Any CPU.ActiveCfg = Debug|Any CPU
		{76754FE3-8C90-4A3A-95C5-F8B2BEC60374}.Debug|Any CPU.Build.0 = Debug|Any CPU
		{76754FE3-8C90-4A3A-95C5-F8B2BEC60374}.Release|Any CPU.ActiveCfg = Release|Any CPU
		{76754FE3-8C90-4A3A-95C5-F8B2BEC60374}.Release|Any CPU.Build.0 = Release|Any CPU
		{21236233-8461-4912-81DC-1FAA3905B426}.Debug|Any CPU.ActiveCfg = Debug|Any CPU
		{21236233-8461-4912-81DC-1FAA3905B426}.Debug|Any CPU.Build.0 = Debug|Any CPU
		{21236233-8461-4912-81DC-1FAA3905B426}.Release|Any CPU.ActiveCfg = Release|Any CPU
		{21236233-8461-4912-81DC-1FAA3905B426}.Release|Any CPU.Build.0 = Release|Any CPU
	EndGlobalSection
EndGlobal
