
Microsoft Visual Studio Solution File, Format Version 12.00
# Visual Studio Version 17
VisualStudioVersion = 17.5.002.0
MinimumVisualStudioVersion = 10.0.40219.1
Project("{9A19103F-16F7-4668-BE54-9A1E7A4F7556}") = "MVCStrategyPattern", "MVCStrategyPattern.csproj", "{0B4CB880-8240-4165-83FC-3273BC81BC60}"
EndProject
Global
	GlobalSection(SolutionConfigurationPlatforms) = preSolution
		Debug|Any CPU = Debug|Any CPU
		Release|Any CPU = Release|Any CPU
	EndGlobalSection
	GlobalSection(ProjectConfigurationPlatforms) = postSolution
		{0B4CB880-8240-4165-83FC-3273BC81BC60}.Debug|Any CPU.ActiveCfg = Debug|Any CPU
		{0B4CB880-8240-4165-83FC-3273BC81BC60}.Debug|Any CPU.Build.0 = Debug|Any CPU
		{0B4CB880-8240-4165-83FC-3273BC81BC60}.Release|Any CPU.ActiveCfg = Release|Any CPU
		{0B4CB880-8240-4165-83FC-3273BC81BC60}.Release|Any CPU.Build.0 = Release|Any CPU
	EndGlobalSection
	GlobalSection(SolutionProperties) = preSolution
		HideSolutionNode = FALSE
	EndGlobalSection
	GlobalSection(ExtensibilityGlobals) = postSolution
		SolutionGuid = {7AC64BB5-C4E3-47A8-B352-924E0BA0E99D}
	EndGlobalSection
EndGlobal
